// !$*UTF8*$!
{
	archiveVersion = 1;
	classes = {
	};
	objectVersion = 56;
	objects = {

/* Begin PBXBuildFile section */
		F5873E732D2A4F2100B7482B /* main.cpp in Sources */ = {isa = PBXBuildFile; fileRef = F5873E722D2A4F2100B7482B /* main.cpp */; };
		F5873E7B2D2A4F4600B7482B /* ItemType1.cpp in Sources */ = {isa = PBXBuildFile; fileRef = F5873E792D2A4F4600B7482B /* ItemType1.cpp */; };
		F5873E7E2D2A4FA600B7482B /* ADT1.cpp in Sources */ = {isa = PBXBuildFile; fileRef = F5873E7C2D2A4FA600B7482B /* ADT1.cpp */; };
		F5873E812D2A512100B7482B /* Application.cpp in Sources */ = {isa = PBXBuildFile; fileRef = F5873E7F2D2A512100B7482B /* Application.cpp */; };
/* End PBXBuildFile section */

/* Begin PBXCopyFilesBuildPhase section */
		F5873E6D2D2A4F2100B7482B /* CopyFiles */ = {
			isa = PBXCopyFilesBuildPhase;
			buildActionMask = 2147483647;
			dstPath = /usr/share/man/man1/;
			dstSubfolderSpec = 0;
			files = (
			);
			runOnlyForDeploymentPostprocessing = 1;
		};
/* End PBXCopyFilesBuildPhase section */

/* Begin PBXFileReference section */
		F5873E6F2D2A4F2100B7482B /* UnsortedList1.cpp */ = {isa = PBXFileReference; explicitFileType = "compiled.mach-o.executable"; includeInIndex = 0; path = UnsortedList1.cpp; sourceTree = BUILT_PRODUCTS_DIR; };
		F5873E722D2A4F2100B7482B /* main.cpp */ = {isa = PBXFileReference; lastKnownFileType = sourcecode.cpp.cpp; path = main.cpp; sourceTree = "<group>"; };
		F5873E792D2A4F4600B7482B /* ItemType1.cpp */ = {isa = PBXFileReference; lastKnownFileType = sourcecode.cpp.cpp; path = ItemType1.cpp; sourceTree = "<group>"; };
		F5873E7A2D2A4F4600B7482B /* ItemType1.hpp */ = {isa = PBXFileReference; lastKnownFileType = sourcecode.cpp.h; path = ItemType1.hpp; sourceTree = "<group>"; };
		F5873E7C2D2A4FA600B7482B /* ADT1.cpp */ = {isa = PBXFileReference; lastKnownFileType = sourcecode.cpp.cpp; path = ADT1.cpp; sourceTree = "<group>"; };
		F5873E7D2D2A4FA600B7482B /* ADT1.hpp */ = {isa = PBXFileReference; lastKnownFileType = sourcecode.cpp.h; path = ADT1.hpp; sourceTree = "<group>"; };
		F5873E7F2D2A512100B7482B /* Application.cpp */ = {isa = PBXFileReference; lastKnownFileType = sourcecode.cpp.cpp; path = Application.cpp; sourceTree = "<group>"; };
		F5873E802D2A512100B7482B /* Application.hpp */ = {isa = PBXFileReference; lastKnownFileType = sourcecode.cpp.h; path = Application.hpp; sourceTree = "<group>"; };
/* End PBXFileReference section */

/* Begin PBXFrameworksBuildPhase section */
		F5873E6C2D2A4F2100B7482B /* Frameworks */ = {
			isa = PBXFrameworksBuildPhase;
			buildActionMask = 2147483647;
			files = (
			);
			runOnlyForDeploymentPostprocessing = 0;
		};
/* End PBXFrameworksBuildPhase section */

/* Begin PBXGroup section */
		F5873E662D2A4F2100B7482B = {
			isa = PBXGroup;
			children = (
				F5873E712D2A4F2100B7482B /* UnsortedList1.cpp */,
				F5873E702D2A4F2100B7482B /* Products */,
			);
			sourceTree = "<group>";
		};
		F5873E702D2A4F2100B7482B /* Products */ = {
			isa = PBXGroup;
			children = (
				F5873E6F2D2A4F2100B7482B /* UnsortedList1.cpp */,
			);
			name = Products;
			sourceTree = "<group>";
		};
		F5873E712D2A4F2100B7482B /* UnsortedList1.cpp */ = {
			isa = PBXGroup;
			children = (
				F5873E722D2A4F2100B7482B /* main.cpp */,
				F5873E792D2A4F4600B7482B /* ItemType1.cpp */,
				F5873E7A2D2A4F4600B7482B /* ItemType1.hpp */,
				F5873E7C2D2A4FA600B7482B /* ADT1.cpp */,
				F5873E7D2D2A4FA600B7482B /* ADT1.hpp */,
				F5873E7F2D2A512100B7482B /* Application.cpp */,
				F5873E802D2A512100B7482B /* Application.hpp */,
			);
			path = UnsortedList1.cpp;
			sourceTree = "<group>";
		};
/* End PBXGroup section */

/* Begin PBXNativeTarget section */
		F5873E6E2D2A4F2100B7482B /* UnsortedList1.cpp */ = {
			isa = PBXNativeTarget;
			buildConfigurationList = F5873E762D2A4F2100B7482B /* Build configuration list for PBXNativeTarget "UnsortedList1.cpp" */;
			buildPhases = (
				F5873E6B2D2A4F2100B7482B /* Sources */,
				F5873E6C2D2A4F2100B7482B /* Frameworks */,
				F5873E6D2D2A4F2100B7482B /* CopyFiles */,
			);
			buildRules = (
			);
			dependencies = (
			);
			name = UnsortedList1.cpp;
			productName = UnsortedList1.cpp;
			productReference = F5873E6F2D2A4F2100B7482B /* UnsortedList1.cpp */;
			productType = "com.apple.product-type.tool";
		};
/* End PBXNativeTarget section */

/* Begin PBXProject section */
		F5873E672D2A4F2100B7482B /* Project object */ = {
			isa = PBXProject;
			attributes = {
				BuildIndependentTargetsInParallel = 1;
				LastUpgradeCheck = 1540;
				TargetAttributes = {
					F5873E6E2D2A4F2100B7482B = {
						CreatedOnToolsVersion = 15.4;
					};
				};
			};
			buildConfigurationList = F5873E6A2D2A4F2100B7482B /* Build configuration list for PBXProject "UnsortedList1.cpp" */;
			compatibilityVersion = "Xcode 14.0";
			developmentRegion = en;
			hasScannedForEncodings = 0;
			knownRegions = (
				en,
				Base,
			);
			mainGroup = F5873E662D2A4F2100B7482B;
			productRefGroup = F5873E702D2A4F2100B7482B /* Products */;
			projectDirPath = "";
			projectRoot = "";
			targets = (
				F5873E6E2D2A4F2100B7482B /* UnsortedList1.cpp */,
			);
		};
/* End PBXProject section */

/* Begin PBXSourcesBuildPhase section */
		F5873E6B2D2A4F2100B7482B /* Sources */ = {
			isa = PBXSourcesBuildPhase;
			buildActionMask = 2147483647;
			files = (
				F5873E812D2A512100B7482B /* Application.cpp in Sources */,
				F5873E7E2D2A4FA600B7482B /* ADT1.cpp in Sources */,
				F5873E7B2D2A4F4600B7482B /* ItemType1.cpp in Sources */,
				F5873E732D2A4F2100B7482B /* main.cpp in Sources */,
			);
			runOnlyForDeploymentPostprocessing = 0;
		};
/* End PBXSourcesBuildPhase section */

/* Begin XCBuildConfiguration section */
		F5873E742D2A4F2100B7482B /* Debug */ = {
			isa = XCBuildConfiguration;
			buildSettings = {
				ALWAYS_SEARCH_USER_PATHS = NO;
				ASSETCATALOG_COMPILER_GENERATE_SWIFT_ASSET_SYMBOL_EXTENSIONS = YES;
				CLANG_ANALYZER_NONNULL = YES;
				CLANG_ANALYZER_NUMBER_OBJECT_CONVERSION = YES_AGGRESSIVE;
				CLANG_CXX_LANGUAGE_STANDARD = "gnu++20";
				CLANG_ENABLE_MODULES = YES;
				CLANG_ENABLE_OBJC_ARC = YES;
				CLANG_ENABLE_OBJC_WEAK = YES;
				CLANG_WARN_BLOCK_CAPTURE_AUTORELEASING = YES;
				CLANG_WARN_BOOL_CONVERSION = YES;
				CLANG_WARN_COMMA = YES;
				CLANG_WARN_CONSTANT_CONVERSION = YES;
				CLANG_WARN_DEPRECATED_OBJC_IMPLEMENTATIONS = YES;
				CLANG_WARN_DIRECT_OBJC_ISA_USAGE = YES_ERROR;
				CLANG_WARN_DOCUMENTATION_COMMENTS = YES;
				CLANG_WARN_EMPTY_BODY = YES;
				CLANG_WARN_ENUM_CONVERSION = YES;
				CLANG_WARN_INFINITE_RECURSION = YES;
				CLANG_WARN_INT_CONVERSION = YES;
				CLANG_WARN_NON_LITERAL_NULL_CONVERSION = YES;
				CLANG_WARN_OBJC_IMPLICIT_RETAIN_SELF = YES;
				CLANG_WARN_OBJC_LITERAL_CONVERSION = YES;
				CLANG_WARN_OBJC_ROOT_CLASS = YES_ERROR;
				CLANG_WARN_QUOTED_INCLUDE_IN_FRAMEWORK_HEADER = YES;
				CLANG_WARN_RANGE_LOOP_ANALYSIS = YES;
				CLANG_WARN_STRICT_PROTOTYPES = YES;
				CLANG_WARN_SUSPICIOUS_MOVE = YES;
				CLANG_WARN_UNGUARDED_AVAILABILITY = YES_AGGRESSIVE;
				CLANG_WARN_UNREACHABLE_CODE = YES;
				CLANG_WARN__DUPLICATE_METHOD_MATCH = YES;
				COPY_PHASE_STRIP = NO;
				DEBUG_INFORMATION_FORMAT = dwarf;
				ENABLE_STRICT_OBJC_MSGSEND = YES;
				ENABLE_TESTABILITY = YES;
				ENABLE_USER_SCRIPT_SANDBOXING = YES;
				GCC_C_LANGUAGE_STANDARD = gnu17;
				GCC_DYNAMIC_NO_PIC = NO;
				GCC_NO_COMMON_BLOCKS = YES;
				GCC_OPTIMIZATION_LEVEL = 0;
				GCC_PREPROCESSOR_DEFINITIONS = (
					"DEBUG=1",
					"$(inherited)",
				);
				GCC_WARN_64_TO_32_BIT_CONVERSION = YES;
				GCC_WARN_ABOUT_RETURN_TYPE = YES_ERROR;
				GCC_WARN_UNDECLARED_SELECTOR = YES;
				GCC_WARN_UNINITIALIZED_AUTOS = YES_AGGRESSIVE;
				GCC_WARN_UNUSED_FUNCTION = YES;
				GCC_WARN_UNUSED_VARIABLE = YES;
				LOCALIZATION_PREFERS_STRING_CATALOGS = YES;
				MACOSX_DEPLOYMENT_TARGET = 14.1;
				MTL_ENABLE_DEBUG_INFO = INCLUDE_SOURCE;
				MTL_FAST_MATH = YES;
				ONLY_ACTIVE_ARCH = YES;
				SDKROOT = macosx;
			};
			name = Debug;
		};
		F5873E752D2A4F2100B7482B /* Release */ = {
			isa = XCBuildConfiguration;
			buildSettings = {
				ALWAYS_SEARCH_USER_PATHS = NO;
				ASSETCATALOG_COMPILER_GENERATE_SWIFT_ASSET_SYMBOL_EXTENSIONS = YES;
				CLANG_ANALYZER_NONNULL = YES;
				CLANG_ANALYZER_NUMBER_OBJECT_CONVERSION = YES_AGGRESSIVE;
				CLANG_CXX_LANGUAGE_STANDARD = "gnu++20";
				CLANG_ENABLE_MODULES = YES;
				CLANG_ENABLE_OBJC_ARC = YES;
				CLANG_ENABLE_OBJC_WEAK = YES;
				CLANG_WARN_BLOCK_CAPTURE_AUTORELEASING = YES;
				CLANG_WARN_BOOL_CONVERSION = YES;
				CLANG_WARN_COMMA = YES;
				CLANG_WARN_CONSTANT_CONVERSION = YES;
				CLANG_WARN_DEPRECATED_OBJC_IMPLEMENTATIONS = YES;
				CLANG_WARN_DIRECT_OBJC_ISA_USAGE = YES_ERROR;
				CLANG_WARN_DOCUMENTATION_COMMENTS = YES;
				CLANG_WARN_EMPTY_BODY = YES;
				CLANG_WARN_ENUM_CONVERSION = YES;
				CLANG_WARN_INFINITE_RECURSION = YES;
				CLANG_WARN_INT_CONVERSION = YES;
				CLANG_WARN_NON_LITERAL_NULL_CONVERSION = YES;
				CLANG_WARN_OBJC_IMPLICIT_RETAIN_SELF = YES;
				CLANG_WARN_OBJC_LITERAL_CONVERSION = YES;
				CLANG_WARN_OBJC_ROOT_CLASS = YES_ERROR;
				CLANG_WARN_QUOTED_INCLUDE_IN_FRAMEWORK_HEADER = YES;
				CLANG_WARN_RANGE_LOOP_ANALYSIS = YES;
				CLANG_WARN_STRICT_PROTOTYPES = YES;
				CLANG_WARN_SUSPICIOUS_MOVE = YES;
				CLANG_WARN_UNGUARDED_AVAILABILITY = YES_AGGRESSIVE;
				CLANG_WARN_UNREACHABLE_CODE = YES;
				CLANG_WARN__DUPLICATE_METHOD_MATCH = YES;
				COPY_PHASE_STRIP = NO;
				DEBUG_INFORMATION_FORMAT = "dwarf-with-dsym";
				ENABLE_NS_ASSERTIONS = NO;
				ENABLE_STRICT_OBJC_MSGSEND = YES;
				ENABLE_USER_SCRIPT_SANDBOXING = YES;
				GCC_C_LANGUAGE_STANDARD = gnu17;
				GCC_NO_COMMON_BLOCKS = YES;
				GCC_WARN_64_TO_32_BIT_CONVERSION = YES;
				GCC_WARN_ABOUT_RETURN_TYPE = YES_ERROR;
				GCC_WARN_UNDECLARED_SELECTOR = YES;
				GCC_WARN_UNINITIALIZED_AUTOS = YES_AGGRESSIVE;
				GCC_WARN_UNUSED_FUNCTION = YES;
				GCC_WARN_UNUSED_VARIABLE = YES;
				LOCALIZATION_PREFERS_STRING_CATALOGS = YES;
				MACOSX_DEPLOYMENT_TARGET = 14.1;
				MTL_ENABLE_DEBUG_INFO = NO;
				MTL_FAST_MATH = YES;
				SDKROOT = macosx;
			};
			name = Release;
		};
		F5873E772D2A4F2100B7482B /* Debug */ = {
			isa = XCBuildConfiguration;
			buildSettings = {
				CODE_SIGN_STYLE = Automatic;
				PRODUCT_NAME = "$(TARGET_NAME)";
			};
			name = Debug;
		};
		F5873E782D2A4F2100B7482B /* Release */ = {
			isa = XCBuildConfiguration;
			buildSettings = {
				CODE_SIGN_STYLE = Automatic;
				PRODUCT_NAME = "$(TARGET_NAME)";
			};
			name = Release;
		};
/* End XCBuildConfiguration section */

/* Begin XCConfigurationList section */
		F5873E6A2D2A4F2100B7482B /* Build configuration list for PBXProject "UnsortedList1.cpp" */ = {
			isa = XCConfigurationList;
			buildConfigurations = (
				F5873E742D2A4F2100B7482B /* Debug */,
				F5873E752D2A4F2100B7482B /* Release */,
			);
			defaultConfigurationIsVisible = 0;
			defaultConfigurationName = Release;
		};
		F5873E762D2A4F2100B7482B /* Build configuration list for PBXNativeTarget "UnsortedList1.cpp" */ = {
			isa = XCConfigurationList;
			buildConfigurations = (
				F5873E772D2A4F2100B7482B /* Debug */,
				F5873E782D2A4F2100B7482B /* Release */,
			);
			defaultConfigurationIsVisible = 0;
			defaultConfigurationName = Release;
		};
/* End XCConfigurationList section */
	};
	rootObject = F5873E672D2A4F2100B7482B /* Project object */;
}
